
Microsoft Visual Studio Solution File, Format Version 12.00
# Visual Studio 15
VisualStudioVersion = 15.0.27130.2003
MinimumVisualStudioVersion = 10.0.40219.1
Project("{FAE04EC0-301F-11D3-BF4B-00C04F79EFBC}") = "WpfApp1", "WpfApp1\WpfApp1.csproj", "{B0298046-B171-4A32-B6DD-240465A7FC51}"
EndProject
Project("{FAE04EC0-301F-11D3-BF4B-00C04F79EFBC}") = "WindowsFormsApp1", "WindowsFormsApp1\WindowsFormsApp1.csproj", "{380D01AD-FC4A-4862-AAC4-E5894208E5DC}"
EndProject
Project("{FAE04EC0-301F-11D3-BF4B-00C04F79EFBC}") = "DBDataModel", "ClassLibrary1\DBDataModel.csproj", "{E64AA521-8A44-41C4-B235-7E8FBB3D339C}"
EndProject
Project("{FAE04EC0-301F-11D3-BF4B-00C04F79EFBC}") = "WindowsFormsControlLibrary1", "WindowsFormsControlLibrary1\WindowsFormsControlLibrary1.csproj", "{195305D4-E09A-4126-9C29-5E058ED77939}"
EndProject
Global
	GlobalSection(SolutionConfigurationPlatforms) = preSolution
		Debug|Any CPU = Debug|Any CPU
		Release|Any CPU = Release|Any CPU
	EndGlobalSection
	GlobalSection(ProjectConfigurationPlatforms) = postSolution
		{B0298046-B171-4A32-B6DD-240465A7FC51}.Debug|Any CPU.ActiveCfg = Debug|Any CPU
		{B0298046-B171-4A32-B6DD-240465A7FC51}.Debug|Any CPU.Build.0 = Debug|Any CPU
		{B0298046-B171-4A32-B6DD-240465A7FC51}.Release|Any CPU.ActiveCfg = Release|Any CPU
		{B0298046-B171-4A32-B6DD-240465A7FC51}.Release|Any CPU.Build.0 = Release|Any CPU
		{380D01AD-FC4A-4862-AAC4-E5894208E5DC}.Debug|Any CPU.ActiveCfg = Debug|Any CPU
		{380D01AD-FC4A-4862-AAC4-E5894208E5DC}.Debug|Any CPU.Build.0 = Debug|Any CPU
		{380D01AD-FC4A-4862-AAC4-E5894208E5DC}.Release|Any CPU.ActiveCfg = Release|Any CPU
		{380D01AD-FC4A-4862-AAC4-E5894208E5DC}.Release|Any CPU.Build.0 = Release|Any CPU
		{E64AA521-8A44-41C4-B235-7E8FBB3D339C}.Debug|Any CPU.ActiveCfg = Debug|Any CPU
		{E64AA521-8A44-41C4-B235-7E8FBB3D339C}.Debug|Any CPU.Build.0 = Debug|Any CPU
		{E64AA521-8A44-41C4-B235-7E8FBB3D339C}.Release|Any CPU.ActiveCfg = Release|Any CPU
		{E64AA521-8A44-41C4-B235-7E8FBB3D339C}.Release|Any CPU.Build.0 = Release|Any CPU
		{195305D4-E09A-4126-9C29-5E058ED77939}.Debug|Any CPU.ActiveCfg = Debug|Any CPU
		{195305D4-E09A-4126-9C29-5E058ED77939}.Debug|Any CPU.Build.0 = Debug|Any CPU
		{195305D4-E09A-4126-9C29-5E058ED77939}.Release|Any CPU.ActiveCfg = Release|Any CPU
		{195305D4-E09A-4126-9C29-5E058ED77939}.Release|Any CPU.Build.0 = Release|Any CPU
	EndGlobalSection
	GlobalSection(SolutionProperties) = preSolution
		HideSolutionNode = FALSE
	EndGlobalSection
	GlobalSection(ExtensibilityGlobals) = postSolution
		SolutionGuid = {1C24D218-3F00-462D-BE34-95B52FF64269}
	EndGlobalSection
EndGlobal
